
Microsoft Visual Studio Solution File, Format Version 12.00
# Visual Studio Version 17
VisualStudioVersion = 17.13.35931.197 d17.13
MinimumVisualStudioVersion = 10.0.40219.1
Project("{FAE04EC0-301F-11D3-BF4B-00C04F79EFBC}") = "C1", "C1\C1.csproj", "{8CF28DE5-2312-450A-A95D-136F83D44055}"
EndProject
Global
	GlobalSection(SolutionConfigurationPlatforms) = preSolution
		Debug|Any CPU = Debug|Any CPU
		Release|Any CPU = Release|Any CPU
	EndGlobalSection
	GlobalSection(ProjectConfigurationPlatforms) = postSolution
		{8CF28DE5-2312-450A-A95D-136F83D44055}.Debug|Any CPU.ActiveCfg = Debug|Any CPU
		{8CF28DE5-2312-450A-A95D-136F83D44055}.Debug|Any CPU.Build.0 = Debug|Any CPU
		{8CF28DE5-2312-450A-A95D-136F83D44055}.Release|Any CPU.ActiveCfg = Release|Any CPU
		{8CF28DE5-2312-450A-A95D-136F83D44055}.Release|Any CPU.Build.0 = Release|Any CPU
	EndGlobalSection
	GlobalSection(SolutionProperties) = preSolution
		HideSolutionNode = FALSE
	EndGlobalSection
	GlobalSection(ExtensibilityGlobals) = postSolution
		SolutionGuid = {F160F324-39AD-4A18-8857-868561DAD424}
	EndGlobalSection
EndGlobal
