
Microsoft Visual Studio Solution File, Format Version 12.00
# Visual Studio Version 17
VisualStudioVersion = 17.13.35919.96 d17.13
MinimumVisualStudioVersion = 10.0.40219.1
Project("{FAE04EC0-301F-11D3-BF4B-00C04F79EFBC}") = "OnmiControl", "OnmiControl\OnmiControl.csproj", "{FD0F54CE-EBEE-4212-A068-83B0EDA7B0BB}"
EndProject
Global
	GlobalSection(SolutionConfigurationPlatforms) = preSolution
		Debug|Any CPU = Debug|Any CPU
		Release|Any CPU = Release|Any CPU
	EndGlobalSection
	GlobalSection(ProjectConfigurationPlatforms) = postSolution
		{FD0F54CE-EBEE-4212-A068-83B0EDA7B0BB}.Debug|Any CPU.ActiveCfg = Debug|Any CPU
		{FD0F54CE-EBEE-4212-A068-83B0EDA7B0BB}.Debug|Any CPU.Build.0 = Debug|Any CPU
		{FD0F54CE-EBEE-4212-A068-83B0EDA7B0BB}.Release|Any CPU.ActiveCfg = Release|Any CPU
		{FD0F54CE-EBEE-4212-A068-83B0EDA7B0BB}.Release|Any CPU.Build.0 = Release|Any CPU
	EndGlobalSection
	GlobalSection(SolutionProperties) = preSolution
		HideSolutionNode = FALSE
	EndGlobalSection
	GlobalSection(ExtensibilityGlobals) = postSolution
		SolutionGuid = {998ABA5F-BB37-4DC6-9B9A-8D812FD248EA}
	EndGlobalSection
EndGlobal
